{
  "version": 4,
  "terraform_version": "1.3.7",
  "serial": 13,
  "lineage": "fc8c733d-c9fc-06b9-9678-dcbada4cdbab",
  "outputs": {
    "public_ip_address": {
      "value": "20.232.190.61",
      "type": "string"
    },
    "resource_group_name": {
      "value": "rg-smashing-terrapin",
      "type": "string"
    },
    "tls_private_key": {
      "value": "-----BEGIN RSA PRIVATE KEY-----\nMIIJKgIBAAKCAgEAx+U98h7bixSJ166LXIq9dZKE6LBWQpg0+/EN/zsZ3QpGoYtA\nZrpTWbtZtqkyB3+Fr2G4sPPYu0+hjKIcZm2l8lItnyIlfSg9qriD3XVVyZoKh2Qq\nHxVkKRHyeWHueQ2237rB2bVSxndQxs23C+d6ea/NqSzJZtglEeKRKz+VXSU1tX3s\nrpPobzo+901aedq+lUx4CxSHte1+JZqiHgJMhRattrztOceAI0OuUY3xO9OhRQ73\njbLcyKAgqNWqPe1rpB888vcK2fRwMfDeH1zyuWeJF98YmJgk5Yd5zJWa1/SYmBJ1\nihCKK0fW2JMLjzwV2jXyFikFo+Ncp5kXzdQxmHw3MK0os+fKeQxGo1JNC1iDjn/U\n97FybBGayvt26IxFeZomXrl1mh55/iBNHalu+VudnZWCd7CHcCfBCU3KNQqy1kMy\n8pDDnanbBzv5U5sgbv0Eu5AQCr4tSn5WFZ+eaHsOj4izB5eh1sriYP44ou6YZeYl\nU+tF8qi5r9cHfSsHnvqYBboMqJpLGAOyEIvDVYo8dChJ+cschr4pv7Tjplv/Sklf\nMYyuFP1Iny6wBx7hK8XTmpBfI77Ow/0v1dOd76pwBc6hcJVt+I/wRJLIV8urfgXB\n8rqCzvpVqbCbF1wC6zpKWXAzHtcaHY8aaW2HSPt4XpGclcvX/T42Ggo+wRcCAwEA\nAQKCAgEArB8Bguz9H7nUo0nhKBMy5fz+wpmr/PWwkcvTwJS0RXdmsA0GrC3+PUKs\nEjOIJ5qvkv9zF7MwSMFdmomwKKZ7gLcwH1k4rJcs2ka9DMDO2KPyMviVqGQz9YVF\noy0nOUcM04KtDngqSUhN3pEd73snI4a0cNpmpU6yRL8xPusmAqlaoOdIGF61gqjF\ntQ3/PPOUrVvF9cx8urM/rsOCmpJiLysC81mkbt8Qv8y0Wfb95ATrVVp44KNFpt7y\noE4yo9Y+nHhlc9QynM/0l5wOtzTCr9Ct5Ecul55SDu3je7zKMu+jQTaLzRFG19Oo\n9J1RE8mqC1XuGRTDjYXlr06Mh6gR9vRJriAboIcx+N2OKvzZUYVyoI5J8V99VNqn\nmdq3rMlbcSXh/aycDYTqI8ZEg2big5hA4hyCCZMprq9f32VcQEOcCtGxaYIaOgGj\nOmGlOQtkkhuUpVvqHL9XeGT3Gzmy8iEhHskceXpqxRXXjoOmvlA6RIV4EUZMrztb\n6eI+sWuOZqyO8ICzlBu2aIlO4UNEjxBVOAEOwt2TR4h1i5I25dLxAjAMNxnVa6Uj\nAK6DOBJakfyIhttFOAk7QI/DFh9wXLiRHcN9xZvWLBcLxnr9Y3rdc+ubmVA1kyhM\nqDPcgtYMVZBkEOrZq5PAqfTNedBjQS1s/9wqrk8TMeju+Op4TKECggEBAOVrcI4Z\nELta932tNFmT2DQFeSckszx+b4F/Hw89XiPn2atIR4rX671zVdbxH/tTmqeVG5jn\njlwp7rN4B6cp0guMUnmQ0IEAXAxwXz/ewraEZcuGeM0hvQrv03X3DhbJ2PSpzVvC\n2Q/2IKuxCKF7sUNDpRF2y/WZDNjyw1crn9CbVvep0Eo/93ctry0yO3q+veijbdMP\nmKO7KeQtR28yLhMenCDcsY5NKKr420E28jaDpzWZ10YiAZ4cNz8CIXSQpBtMYJzX\ngYTwgbNLYBN5paU3qA3cWV/1OOtfLrUOcHMIK4jv/gFrjvxiMd2uwkWB5HTCEpEo\n31lm9GYP9SKkxycCggEBAN8OHie3xp4/+OM7flGK3d7qUxfjADLRC3cmkgywsJ0y\naYL3R39uPgTPLod7JjLM4axnuj8urKTJk0AvcblyEOnkFa227pspcynPxBNQerTn\nwKmxnB+qBX2LgNay2rEi7ynVfuuxYU/rn8Ncmo7hBL7UthbqrpBQ9VOI7mdw0pZB\ngDy35uAANHV2wCBQy42ALKyiQUieGyUTOtaBoBvDwHhs9TH8FkGidJdhsJ9XTyiQ\nKXOaObrvPW98f4coITV9oKjwat/2FlfkKrFdyz+FJBjiUtXqgNypKXbFz3a4uunf\nVh7LIixZRK2Jx/dEaxtsQENFf+0K1wZcgcO3kmVe7JECggEAGiVlfXxT0NZsMFGG\nDtNvp3YcOZ7QIovST3LaalU3HmZ1AzVImgVDo6K6XLW8TFtZ29F9hK6XJd/NiXyb\neqykeJZ0a9BaQul0lCJWaKQNktmB9HEN4Wr/7XgppF8Upvo4FKIpelS5gj0tugOC\nFU1QhXb3IAdm9UWNFkiMhKm/G/ooLi+XQm8J1/ZH6aG476M/Z30ArjYv0jEpdAzJ\nAF46rAkoCAK+5ZXblaio7ETD0/yrGMvAogiMIKXckfy/LVayrT3GIPnak/kI/xMP\nDwklHLA8IeBD+1CqPQDrBM1xeVqsA34+d5D3icHzJu2czGkiTUA094At/DVkkyEs\ncddPrwKCAQEAw2e1ySu5J0d5vW+QINVbu35iXumxcdMqjS5QAigEASJ5xo7kpuEo\nGcR6yZt8AkL0bLnOMq2r9wzUIAWwRjqEULJMv4sjivCMABQQfK8jYDoq0T5UPHUR\nLEO7EdtLtKSbCnYLI2WYj5AmvNnyWLsOEjN8daUQWkNiN9UcrafsBE/LjOW6r3/e\ndQ0cEPNW71ZbTL00He7MbvVitSqH3ermQVmKkEh8IvGz3C5rsZumMC3i8nAopPgT\nRQi3G+tu9FJjHbzIk/0c49ByCkHV3YbA8b/Lu7UdQLI9Ldzq++GndVz/MCjafimR\n/clXUeoxPqvdvFE1Wa8GYn9F+vRlnsLC0QKCAQEA0ejwG/vT5/CzJ0/X4MenCluO\n9yJL3tjofM2MJ56uiTnpx7kWSq9oFgkzmBGgQDJVjzxTWiCFK88bcQ8nSsoa6785\nUc3PPML6kk/z4mNYULAgRGbN8oyC8qJcI+8HKnBXnXBeMO7Q3kceHqWRzswPfPuG\nSw+cJXMaDF8yobJ6MIox0Mey37wW9RoR9WvymDTgX2B4ZsVxYEvtT56hev3C4heh\nJPgHvEwSPNOCiTZS1NKISbeD4lCUMfa8ApEUKMjUxMpu5mLjKwZiFBuYYpU/TEzf\n/ER61O+JXZG+txW1u50OKlm0ddCL9dxZVvqRxZPDjbJSyOc3baCTvlcU9L8gNg==\n-----END RSA PRIVATE KEY-----\n",
      "type": "string",
      "sensitive": true
    }
  },
  "resources": [
    {
      "mode": "managed",
      "type": "azurerm_linux_virtual_machine",
      "name": "my_terraform_vm",
      "provider": "provider[\"registry.terraform.io/hashicorp/azurerm\"]",
      "instances": [
        {
          "schema_version": 0,
          "attributes": {
            "additional_capabilities": [],
            "admin_password": null,
            "admin_ssh_key": [
              {
                "public_key": "ssh-rsa AAAAB3NzaC1yc2EAAAADAQABAAACAQDH5T3yHtuLFInXrotcir11koTosFZCmDT78Q3/OxndCkahi0BmulNZu1m2qTIHf4WvYbiw89i7T6GMohxmbaXyUi2fIiV9KD2quIPddVXJmgqHZCofFWQpEfJ5Ye55DbbfusHZtVLGd1DGzbcL53p5r82pLMlm2CUR4pErP5VdJTW1feyuk+hvOj73TVp52r6VTHgLFIe17X4lmqIeAkyFFq22vO05x4AjQ65RjfE706FFDveNstzIoCCo1ao97WukHzzy9wrZ9HAx8N4fXPK5Z4kX3xiYmCTlh3nMlZrX9JiYEnWKEIorR9bYkwuPPBXaNfIWKQWj41ynmRfN1DGYfDcwrSiz58p5DEajUk0LWIOOf9T3sXJsEZrK+3bojEV5miZeuXWaHnn+IE0dqW75W52dlYJ3sIdwJ8EJTco1CrLWQzLykMOdqdsHO/lTmyBu/QS7kBAKvi1KflYVn55oew6PiLMHl6HWyuJg/jii7phl5iVT60XyqLmv1wd9Kwee+pgFugyomksYA7IQi8NVijx0KEn5yxyGvim/tOOmW/9KSV8xjK4U/UifLrAHHuErxdOakF8jvs7D/S/V053vqnAFzqFwlW34j/BEkshXy6t+BcHyuoLO+lWpsJsXXALrOkpZcDMe1xodjxppbYdI+3hekZyVy9f9PjYaCj7BFw==\n",
                "username": "azureuser"
              }
            ],
            "admin_username": "azureuser",
            "allow_extension_operations": true,
            "availability_set_id": "",
            "boot_diagnostics": [
              {
                "storage_account_uri": "https://diag8bda32f9a4285fc3.blob.core.windows.net/"
              }
            ],
            "computer_name": "myvm",
            "custom_data": null,
            "dedicated_host_group_id": "",
            "dedicated_host_id": "",
            "disable_password_authentication": true,
            "encryption_at_host_enabled": false,
            "eviction_policy": "",
            "extensions_time_budget": "PT1H30M",
            "id": "/subscriptions/6e550cef-addf-40fa-b6b8-b2927adae8bf/resourceGroups/rg-smashing-terrapin/providers/Microsoft.Compute/virtualMachines/myVM",
            "identity": [],
            "license_type": "",
            "location": "eastus",
            "max_bid_price": -1,
            "name": "myVM",
            "network_interface_ids": [
              "/subscriptions/6e550cef-addf-40fa-b6b8-b2927adae8bf/resourceGroups/rg-smashing-terrapin/providers/Microsoft.Network/networkInterfaces/myNIC"
            ],
            "os_disk": [
              {
                "caching": "ReadWrite",
                "diff_disk_settings": [],
                "disk_encryption_set_id": "",
                "disk_size_gb": 30,
                "name": "myOsDisk",
                "storage_account_type": "Premium_LRS",
                "write_accelerator_enabled": false
              }
            ],
            "patch_mode": "ImageDefault",
            "plan": [],
            "platform_fault_domain": -1,
            "priority": "Regular",
            "private_ip_address": "10.0.1.4",
            "private_ip_addresses": [
              "10.0.1.4"
            ],
            "provision_vm_agent": true,
            "proximity_placement_group_id": "",
            "public_ip_address": "20.232.190.61",
            "public_ip_addresses": [
              "20.232.190.61"
            ],
            "resource_group_name": "rg-smashing-terrapin",
            "secret": [],
            "secure_boot_enabled": false,
            "size": "Standard_DS1_v2",
            "source_image_id": "",
            "source_image_reference": [
              {
                "offer": "UbuntuServer",
                "publisher": "Canonical",
                "sku": "18.04-LTS",
                "version": "latest"
              }
            ],
            "tags": null,
            "timeouts": null,
            "user_data": "",
            "virtual_machine_id": "0c03135f-1faf-4220-af98-9da30e54abb1",
            "virtual_machine_scale_set_id": "",
            "vtpm_enabled": false,
            "zone": ""
          },
          "sensitive_attributes": [],
          "private": "eyJlMmJmYjczMC1lY2FhLTExZTYtOGY4OC0zNDM2M2JjN2M0YzAiOnsiY3JlYXRlIjoyNzAwMDAwMDAwMDAwLCJkZWxldGUiOjI3MDAwMDAwMDAwMDAsInJlYWQiOjMwMDAwMDAwMDAwMCwidXBkYXRlIjoyNzAwMDAwMDAwMDAwfX0=",
          "dependencies": [
            "azurerm_network_interface.my_terraform_nic",
            "azurerm_public_ip.my_terraform_public_ip",
            "azurerm_resource_group.rg",
            "azurerm_storage_account.my_storage_account",
            "azurerm_subnet.my_terraform_subnet",
            "azurerm_virtual_network.my_terraform_network",
            "random_id.random_id",
            "random_pet.rg_name",
            "tls_private_key.example_ssh"
          ]
        }
      ]
    },
    {
      "mode": "managed",
      "type": "azurerm_network_interface",
      "name": "my_terraform_nic",
      "provider": "provider[\"registry.terraform.io/hashicorp/azurerm\"]",
      "instances": [
        {
          "schema_version": 0,
          "attributes": {
            "applied_dns_servers": [],
            "dns_servers": [],
            "enable_accelerated_networking": false,
            "enable_ip_forwarding": false,
            "id": "/subscriptions/6e550cef-addf-40fa-b6b8-b2927adae8bf/resourceGroups/rg-smashing-terrapin/providers/Microsoft.Network/networkInterfaces/myNIC",
            "internal_dns_name_label": "",
            "internal_domain_name_suffix": "4l2ngoadlbruzhsfrq2niledcc.bx.internal.cloudapp.net",
            "ip_configuration": [
              {
                "gateway_load_balancer_frontend_ip_configuration_id": "",
                "name": "my_nic_configuration",
                "primary": true,
                "private_ip_address": "10.0.1.4",
                "private_ip_address_allocation": "Dynamic",
                "private_ip_address_version": "IPv4",
                "public_ip_address_id": "/subscriptions/6e550cef-addf-40fa-b6b8-b2927adae8bf/resourceGroups/rg-smashing-terrapin/providers/Microsoft.Network/publicIPAddresses/myPublicIP",
                "subnet_id": "/subscriptions/6e550cef-addf-40fa-b6b8-b2927adae8bf/resourceGroups/rg-smashing-terrapin/providers/Microsoft.Network/virtualNetworks/myVnet/subnets/mySubnet"
              }
            ],
            "location": "eastus",
            "mac_address": "",
            "name": "myNIC",
            "private_ip_address": "10.0.1.4",
            "private_ip_addresses": [
              "10.0.1.4"
            ],
            "resource_group_name": "rg-smashing-terrapin",
            "tags": null,
            "timeouts": null,
            "virtual_machine_id": ""
          },
          "sensitive_attributes": [],
          "private": "eyJlMmJmYjczMC1lY2FhLTExZTYtOGY4OC0zNDM2M2JjN2M0YzAiOnsiY3JlYXRlIjoxODAwMDAwMDAwMDAwLCJkZWxldGUiOjE4MDAwMDAwMDAwMDAsInJlYWQiOjMwMDAwMDAwMDAwMCwidXBkYXRlIjoxODAwMDAwMDAwMDAwfX0=",
          "dependencies": [
            "azurerm_public_ip.my_terraform_public_ip",
            "azurerm_resource_group.rg",
            "azurerm_subnet.my_terraform_subnet",
            "azurerm_virtual_network.my_terraform_network",
            "random_pet.rg_name"
          ]
        }
      ]
    },
    {
      "mode": "managed",
      "type": "azurerm_network_interface_security_group_association",
      "name": "example",
      "provider": "provider[\"registry.terraform.io/hashicorp/azurerm\"]",
      "instances": [
        {
          "schema_version": 0,
          "attributes": {
            "id": "/subscriptions/6e550cef-addf-40fa-b6b8-b2927adae8bf/resourceGroups/rg-smashing-terrapin/providers/Microsoft.Network/networkInterfaces/myNIC|/subscriptions/6e550cef-addf-40fa-b6b8-b2927adae8bf/resourceGroups/rg-smashing-terrapin/providers/Microsoft.Network/networkSecurityGroups/myNetworkSecurityGroup",
            "network_interface_id": "/subscriptions/6e550cef-addf-40fa-b6b8-b2927adae8bf/resourceGroups/rg-smashing-terrapin/providers/Microsoft.Network/networkInterfaces/myNIC",
            "network_security_group_id": "/subscriptions/6e550cef-addf-40fa-b6b8-b2927adae8bf/resourceGroups/rg-smashing-terrapin/providers/Microsoft.Network/networkSecurityGroups/myNetworkSecurityGroup",
            "timeouts": null
          },
          "sensitive_attributes": [],
          "private": "eyJlMmJmYjczMC1lY2FhLTExZTYtOGY4OC0zNDM2M2JjN2M0YzAiOnsiY3JlYXRlIjoxODAwMDAwMDAwMDAwLCJkZWxldGUiOjE4MDAwMDAwMDAwMDAsInJlYWQiOjMwMDAwMDAwMDAwMCwidXBkYXRlIjoxODAwMDAwMDAwMDAwfX0=",
          "dependencies": [
            "azurerm_network_interface.my_terraform_nic",
            "azurerm_network_security_group.my_terraform_nsg",
            "azurerm_public_ip.my_terraform_public_ip",
            "azurerm_resource_group.rg",
            "azurerm_subnet.my_terraform_subnet",
            "azurerm_virtual_network.my_terraform_network",
            "random_pet.rg_name"
          ]
        }
      ]
    },
    {
      "mode": "managed",
      "type": "azurerm_network_security_group",
      "name": "my_terraform_nsg",
      "provider": "provider[\"registry.terraform.io/hashicorp/azurerm\"]",
      "instances": [
        {
          "schema_version": 0,
          "attributes": {
            "id": "/subscriptions/6e550cef-addf-40fa-b6b8-b2927adae8bf/resourceGroups/rg-smashing-terrapin/providers/Microsoft.Network/networkSecurityGroups/myNetworkSecurityGroup",
            "location": "eastus",
            "name": "myNetworkSecurityGroup",
            "resource_group_name": "rg-smashing-terrapin",
            "security_rule": [
              {
                "access": "Allow",
                "description": "",
                "destination_address_prefix": "*",
                "destination_address_prefixes": [],
                "destination_application_security_group_ids": [],
                "destination_port_range": "22",
                "destination_port_ranges": [],
                "direction": "Inbound",
                "name": "SSH",
                "priority": 1001,
                "protocol": "Tcp",
                "source_address_prefix": "*",
                "source_address_prefixes": [],
                "source_application_security_group_ids": [],
                "source_port_range": "*",
                "source_port_ranges": []
              }
            ],
            "tags": null,
            "timeouts": null
          },
          "sensitive_attributes": [],
          "private": "eyJlMmJmYjczMC1lY2FhLTExZTYtOGY4OC0zNDM2M2JjN2M0YzAiOnsiY3JlYXRlIjoxODAwMDAwMDAwMDAwLCJkZWxldGUiOjE4MDAwMDAwMDAwMDAsInJlYWQiOjMwMDAwMDAwMDAwMCwidXBkYXRlIjoxODAwMDAwMDAwMDAwfX0=",
          "dependencies": [
            "azurerm_resource_group.rg",
            "random_pet.rg_name"
          ]
        }
      ]
    },
    {
      "mode": "managed",
      "type": "azurerm_public_ip",
      "name": "my_terraform_public_ip",
      "provider": "provider[\"registry.terraform.io/hashicorp/azurerm\"]",
      "instances": [
        {
          "schema_version": 0,
          "attributes": {
            "allocation_method": "Dynamic",
            "availability_zone": "No-Zone",
            "domain_name_label": null,
            "fqdn": null,
            "id": "/subscriptions/6e550cef-addf-40fa-b6b8-b2927adae8bf/resourceGroups/rg-smashing-terrapin/providers/Microsoft.Network/publicIPAddresses/myPublicIP",
            "idle_timeout_in_minutes": 4,
            "ip_address": "",
            "ip_tags": null,
            "ip_version": "IPv4",
            "location": "eastus",
            "name": "myPublicIP",
            "public_ip_prefix_id": null,
            "resource_group_name": "rg-smashing-terrapin",
            "reverse_fqdn": null,
            "sku": "Basic",
            "sku_tier": "Regional",
            "tags": null,
            "timeouts": null,
            "zones": []
          },
          "sensitive_attributes": [],
          "private": "eyJlMmJmYjczMC1lY2FhLTExZTYtOGY4OC0zNDM2M2JjN2M0YzAiOnsiY3JlYXRlIjoxODAwMDAwMDAwMDAwLCJkZWxldGUiOjE4MDAwMDAwMDAwMDAsInJlYWQiOjMwMDAwMDAwMDAwMCwidXBkYXRlIjoxODAwMDAwMDAwMDAwfX0=",
          "dependencies": [
            "azurerm_resource_group.rg",
            "random_pet.rg_name"
          ]
        }
      ]
    },
    {
      "mode": "managed",
      "type": "azurerm_resource_group",
      "name": "rg",
      "provider": "provider[\"registry.terraform.io/hashicorp/azurerm\"]",
      "instances": [
        {
          "schema_version": 0,
          "attributes": {
            "id": "/subscriptions/6e550cef-addf-40fa-b6b8-b2927adae8bf/resourceGroups/rg-smashing-terrapin",
            "location": "eastus",
            "name": "rg-smashing-terrapin",
            "tags": null,
            "timeouts": null
          },
          "sensitive_attributes": [],
          "private": "eyJlMmJmYjczMC1lY2FhLTExZTYtOGY4OC0zNDM2M2JjN2M0YzAiOnsiY3JlYXRlIjo1NDAwMDAwMDAwMDAwLCJkZWxldGUiOjU0MDAwMDAwMDAwMDAsInJlYWQiOjMwMDAwMDAwMDAwMCwidXBkYXRlIjo1NDAwMDAwMDAwMDAwfX0=",
          "dependencies": [
            "random_pet.rg_name"
          ]
        }
      ]
    },
    {
      "mode": "managed",
      "type": "azurerm_storage_account",
      "name": "my_storage_account",
      "provider": "provider[\"registry.terraform.io/hashicorp/azurerm\"]",
      "instances": [
        {
          "schema_version": 2,
          "attributes": {
            "access_tier": "Hot",
            "account_kind": "StorageV2",
            "account_replication_type": "LRS",
            "account_tier": "Standard",
            "allow_blob_public_access": false,
            "azure_files_authentication": [],
            "blob_properties": [
              {
                "change_feed_enabled": false,
                "container_delete_retention_policy": [],
                "cors_rule": [],
                "default_service_version": "",
                "delete_retention_policy": [],
                "last_access_time_enabled": false,
                "versioning_enabled": false
              }
            ],
            "custom_domain": [],
            "customer_managed_key": [],
            "enable_https_traffic_only": true,
            "id": "/subscriptions/6e550cef-addf-40fa-b6b8-b2927adae8bf/resourceGroups/rg-smashing-terrapin/providers/Microsoft.Storage/storageAccounts/diag8bda32f9a4285fc3",
            "identity": [],
            "infrastructure_encryption_enabled": false,
            "is_hns_enabled": false,
            "large_file_share_enabled": null,
            "location": "eastus",
            "min_tls_version": "TLS1_0",
            "name": "diag8bda32f9a4285fc3",
            "network_rules": [
              {
                "bypass": [
                  "AzureServices"
                ],
                "default_action": "Allow",
                "ip_rules": [],
                "private_link_access": [],
                "virtual_network_subnet_ids": []
              }
            ],
            "nfsv3_enabled": false,
            "primary_access_key": "ykeFm42Zooq0vTeJV4CKu9QfVhI2nvKhKPLZp+nP9tmN28/wT+VIRHBXTwVLx4WoPbfLYsH2qeqx+AStUptXQA==",
            "primary_blob_connection_string": "DefaultEndpointsProtocol=https;BlobEndpoint=https://diag8bda32f9a4285fc3.blob.core.windows.net/;AccountName=diag8bda32f9a4285fc3;AccountKey=ykeFm42Zooq0vTeJV4CKu9QfVhI2nvKhKPLZp+nP9tmN28/wT+VIRHBXTwVLx4WoPbfLYsH2qeqx+AStUptXQA==",
            "primary_blob_endpoint": "https://diag8bda32f9a4285fc3.blob.core.windows.net/",
            "primary_blob_host": "diag8bda32f9a4285fc3.blob.core.windows.net",
            "primary_connection_string": "DefaultEndpointsProtocol=https;AccountName=diag8bda32f9a4285fc3;AccountKey=ykeFm42Zooq0vTeJV4CKu9QfVhI2nvKhKPLZp+nP9tmN28/wT+VIRHBXTwVLx4WoPbfLYsH2qeqx+AStUptXQA==;EndpointSuffix=core.windows.net",
            "primary_dfs_endpoint": "https://diag8bda32f9a4285fc3.dfs.core.windows.net/",
            "primary_dfs_host": "diag8bda32f9a4285fc3.dfs.core.windows.net",
            "primary_file_endpoint": "https://diag8bda32f9a4285fc3.file.core.windows.net/",
            "primary_file_host": "diag8bda32f9a4285fc3.file.core.windows.net",
            "primary_location": "eastus",
            "primary_queue_endpoint": "https://diag8bda32f9a4285fc3.queue.core.windows.net/",
            "primary_queue_host": "diag8bda32f9a4285fc3.queue.core.windows.net",
            "primary_table_endpoint": "https://diag8bda32f9a4285fc3.table.core.windows.net/",
            "primary_table_host": "diag8bda32f9a4285fc3.table.core.windows.net",
            "primary_web_endpoint": "https://diag8bda32f9a4285fc3.z13.web.core.windows.net/",
            "primary_web_host": "diag8bda32f9a4285fc3.z13.web.core.windows.net",
            "queue_encryption_key_type": "Service",
            "queue_properties": [
              {
                "cors_rule": [],
                "hour_metrics": [
                  {
                    "enabled": true,
                    "include_apis": true,
                    "retention_policy_days": 7,
                    "version": "1.0"
                  }
                ],
                "logging": [
                  {
                    "delete": false,
                    "read": false,
                    "retention_policy_days": 0,
                    "version": "1.0",
                    "write": false
                  }
                ],
                "minute_metrics": [
                  {
                    "enabled": false,
                    "include_apis": false,
                    "retention_policy_days": 0,
                    "version": "1.0"
                  }
                ]
              }
            ],
            "resource_group_name": "rg-smashing-terrapin",
            "routing": [],
            "secondary_access_key": "C0buO0u4CATrr+vmo/OQkoNdeBYwLvcvjhjU/n+By7Ulnob2SZu2g0o/qACvUSY6OVsOe226cCbQ+AStcmXRVw==",
            "secondary_blob_connection_string": "",
            "secondary_blob_endpoint": null,
            "secondary_blob_host": null,
            "secondary_connection_string": "DefaultEndpointsProtocol=https;AccountName=diag8bda32f9a4285fc3;AccountKey=C0buO0u4CATrr+vmo/OQkoNdeBYwLvcvjhjU/n+By7Ulnob2SZu2g0o/qACvUSY6OVsOe226cCbQ+AStcmXRVw==;EndpointSuffix=core.windows.net",
            "secondary_dfs_endpoint": null,
            "secondary_dfs_host": null,
            "secondary_file_endpoint": null,
            "secondary_file_host": null,
            "secondary_location": "",
            "secondary_queue_endpoint": null,
            "secondary_queue_host": null,
            "secondary_table_endpoint": null,
            "secondary_table_host": null,
            "secondary_web_endpoint": null,
            "secondary_web_host": null,
            "share_properties": [
              {
                "cors_rule": [],
                "retention_policy": [
                  {
                    "days": 7
                  }
                ],
                "smb": []
              }
            ],
            "shared_access_key_enabled": true,
            "static_website": [],
            "table_encryption_key_type": "Service",
            "tags": null,
            "timeouts": null
          },
          "sensitive_attributes": [],
          "private": "eyJlMmJmYjczMC1lY2FhLTExZTYtOGY4OC0zNDM2M2JjN2M0YzAiOnsiY3JlYXRlIjozNjAwMDAwMDAwMDAwLCJkZWxldGUiOjM2MDAwMDAwMDAwMDAsInJlYWQiOjMwMDAwMDAwMDAwMCwidXBkYXRlIjozNjAwMDAwMDAwMDAwfSwic2NoZW1hX3ZlcnNpb24iOiIyIn0=",
          "dependencies": [
            "azurerm_resource_group.rg",
            "random_id.random_id",
            "random_pet.rg_name"
          ]
        }
      ]
    },
    {
      "mode": "managed",
      "type": "azurerm_subnet",
      "name": "my_terraform_subnet",
      "provider": "provider[\"registry.terraform.io/hashicorp/azurerm\"]",
      "instances": [
        {
          "schema_version": 0,
          "attributes": {
            "address_prefix": "10.0.1.0/24",
            "address_prefixes": [
              "10.0.1.0/24"
            ],
            "delegation": [],
            "enforce_private_link_endpoint_network_policies": false,
            "enforce_private_link_service_network_policies": false,
            "id": "/subscriptions/6e550cef-addf-40fa-b6b8-b2927adae8bf/resourceGroups/rg-smashing-terrapin/providers/Microsoft.Network/virtualNetworks/myVnet/subnets/mySubnet",
            "name": "mySubnet",
            "resource_group_name": "rg-smashing-terrapin",
            "service_endpoint_policy_ids": null,
            "service_endpoints": null,
            "timeouts": null,
            "virtual_network_name": "myVnet"
          },
          "sensitive_attributes": [],
          "private": "eyJlMmJmYjczMC1lY2FhLTExZTYtOGY4OC0zNDM2M2JjN2M0YzAiOnsiY3JlYXRlIjoxODAwMDAwMDAwMDAwLCJkZWxldGUiOjE4MDAwMDAwMDAwMDAsInJlYWQiOjMwMDAwMDAwMDAwMCwidXBkYXRlIjoxODAwMDAwMDAwMDAwfX0=",
          "dependencies": [
            "azurerm_resource_group.rg",
            "azurerm_virtual_network.my_terraform_network",
            "random_pet.rg_name"
          ]
        }
      ]
    },
    {
      "mode": "managed",
      "type": "azurerm_virtual_network",
      "name": "my_terraform_network",
      "provider": "provider[\"registry.terraform.io/hashicorp/azurerm\"]",
      "instances": [
        {
          "schema_version": 0,
          "attributes": {
            "address_space": [
              "10.0.0.0/16"
            ],
            "bgp_community": "",
            "ddos_protection_plan": [],
            "dns_servers": [],
            "flow_timeout_in_minutes": 0,
            "guid": "38d3f8f2-5803-4c63-9e45-8c38d42c8312",
            "id": "/subscriptions/6e550cef-addf-40fa-b6b8-b2927adae8bf/resourceGroups/rg-smashing-terrapin/providers/Microsoft.Network/virtualNetworks/myVnet",
            "location": "eastus",
            "name": "myVnet",
            "resource_group_name": "rg-smashing-terrapin",
            "subnet": [],
            "tags": null,
            "timeouts": null,
            "vm_protection_enabled": false
          },
          "sensitive_attributes": [],
          "private": "eyJlMmJmYjczMC1lY2FhLTExZTYtOGY4OC0zNDM2M2JjN2M0YzAiOnsiY3JlYXRlIjoxODAwMDAwMDAwMDAwLCJkZWxldGUiOjE4MDAwMDAwMDAwMDAsInJlYWQiOjMwMDAwMDAwMDAwMCwidXBkYXRlIjoxODAwMDAwMDAwMDAwfX0=",
          "dependencies": [
            "azurerm_resource_group.rg",
            "random_pet.rg_name"
          ]
        }
      ]
    },
    {
      "mode": "managed",
      "type": "random_id",
      "name": "random_id",
      "provider": "provider[\"registry.terraform.io/hashicorp/random\"]",
      "instances": [
        {
          "schema_version": 0,
          "attributes": {
            "b64_std": "i9oy+aQoX8M=",
            "b64_url": "i9oy-aQoX8M",
            "byte_length": 8,
            "dec": "10077423163977260995",
            "hex": "8bda32f9a4285fc3",
            "id": "i9oy-aQoX8M",
            "keepers": {
              "resource_group": "rg-smashing-terrapin"
            },
            "prefix": null
          },
          "sensitive_attributes": [],
          "dependencies": [
            "azurerm_resource_group.rg",
            "random_pet.rg_name"
          ]
        }
      ]
    },
    {
      "mode": "managed",
      "type": "random_pet",
      "name": "rg_name",
      "provider": "provider[\"registry.terraform.io/hashicorp/random\"]",
      "instances": [
        {
          "schema_version": 0,
          "attributes": {
            "id": "rg-smashing-terrapin",
            "keepers": null,
            "length": 2,
            "prefix": "rg",
            "separator": "-"
          },
          "sensitive_attributes": []
        }
      ]
    },
    {
      "mode": "managed",
      "type": "tls_private_key",
      "name": "example_ssh",
      "provider": "provider[\"registry.terraform.io/hashicorp/tls\"]",
      "instances": [
        {
          "schema_version": 1,
          "attributes": {
            "algorithm": "RSA",
            "ecdsa_curve": "P224",
            "id": "30dd1679f38810bd6003f4e8d4e06167102caeec",
            "private_key_openssh": "-----BEGIN OPENSSH PRIVATE KEY-----\nb3BlbnNzaC1rZXktdjEAAAAABG5vbmUAAAAEbm9uZQAAAAAAAAABAAACFwAAAAdz\nc2gtcnNhAAAAAwEAAQAAAgEAx+U98h7bixSJ166LXIq9dZKE6LBWQpg0+/EN/zsZ\n3QpGoYtAZrpTWbtZtqkyB3+Fr2G4sPPYu0+hjKIcZm2l8lItnyIlfSg9qriD3XVV\nyZoKh2QqHxVkKRHyeWHueQ2237rB2bVSxndQxs23C+d6ea/NqSzJZtglEeKRKz+V\nXSU1tX3srpPobzo+901aedq+lUx4CxSHte1+JZqiHgJMhRattrztOceAI0OuUY3x\nO9OhRQ73jbLcyKAgqNWqPe1rpB888vcK2fRwMfDeH1zyuWeJF98YmJgk5Yd5zJWa\n1/SYmBJ1ihCKK0fW2JMLjzwV2jXyFikFo+Ncp5kXzdQxmHw3MK0os+fKeQxGo1JN\nC1iDjn/U97FybBGayvt26IxFeZomXrl1mh55/iBNHalu+VudnZWCd7CHcCfBCU3K\nNQqy1kMy8pDDnanbBzv5U5sgbv0Eu5AQCr4tSn5WFZ+eaHsOj4izB5eh1sriYP44\nou6YZeYlU+tF8qi5r9cHfSsHnvqYBboMqJpLGAOyEIvDVYo8dChJ+cschr4pv7Tj\nplv/SklfMYyuFP1Iny6wBx7hK8XTmpBfI77Ow/0v1dOd76pwBc6hcJVt+I/wRJLI\nV8urfgXB8rqCzvpVqbCbF1wC6zpKWXAzHtcaHY8aaW2HSPt4XpGclcvX/T42Ggo+\nwRcAAAc4npgO3Z6YDt0AAAAHc3NoLXJzYQAAAgEAx+U98h7bixSJ166LXIq9dZKE\n6LBWQpg0+/EN/zsZ3QpGoYtAZrpTWbtZtqkyB3+Fr2G4sPPYu0+hjKIcZm2l8lIt\nnyIlfSg9qriD3XVVyZoKh2QqHxVkKRHyeWHueQ2237rB2bVSxndQxs23C+d6ea/N\nqSzJZtglEeKRKz+VXSU1tX3srpPobzo+901aedq+lUx4CxSHte1+JZqiHgJMhRat\ntrztOceAI0OuUY3xO9OhRQ73jbLcyKAgqNWqPe1rpB888vcK2fRwMfDeH1zyuWeJ\nF98YmJgk5Yd5zJWa1/SYmBJ1ihCKK0fW2JMLjzwV2jXyFikFo+Ncp5kXzdQxmHw3\nMK0os+fKeQxGo1JNC1iDjn/U97FybBGayvt26IxFeZomXrl1mh55/iBNHalu+Vud\nnZWCd7CHcCfBCU3KNQqy1kMy8pDDnanbBzv5U5sgbv0Eu5AQCr4tSn5WFZ+eaHsO\nj4izB5eh1sriYP44ou6YZeYlU+tF8qi5r9cHfSsHnvqYBboMqJpLGAOyEIvDVYo8\ndChJ+cschr4pv7Tjplv/SklfMYyuFP1Iny6wBx7hK8XTmpBfI77Ow/0v1dOd76pw\nBc6hcJVt+I/wRJLIV8urfgXB8rqCzvpVqbCbF1wC6zpKWXAzHtcaHY8aaW2HSPt4\nXpGclcvX/T42Ggo+wRcAAAADAQABAAACAQCsHwGC7P0fudSjSeEoEzLl/P7Cmav8\n9bCRy9PAlLRFd2awDQasLf49QqwSM4gnmq+S/3MXszBIwV2aibAopnuAtzAfWTis\nlyzaRr0MwM7Yo/Iy+JWoZDP1hUWjLSc5RwzTgq0OeCpJSE3ekR3veycjhrRw2mal\nTrJEvzE+6yYCqVqg50gYXrWCqMW1Df8885StW8X1zHy6sz+uw4KakmIvKwLzWaRu\n3xC/zLRZ9v3kBOtVWnjgo0Wm3vKgTjKj1j6ceGVz1DKcz/SXnA63NMKv0K3kRy6X\nnlIO7eN7vMoy76NBNovNEUbX06j0nVETyaoLVe4ZFMONheWvToyHqBH29EmuIBug\nhzH43Y4q/NlRhXKgjknxX31U2qeZ2resyVtxJeH9rJwNhOojxkSDZuKDmEDiHIIJ\nkymur1/fZVxAQ5wK0bFpgho6AaM6YaU5C2SSG5SlW+ocv1d4ZPcbObLyISEeyRx5\nemrFFdeOg6a+UDpEhXgRRkyvO1vp4j6xa45mrI7wgLOUG7ZoiU7hQ0SPEFU4AQ7C\n3ZNHiHWLkjbl0vECMAw3GdVrpSMAroM4ElqR/IiG20U4CTtAj8MWH3BcuJEdw33F\nm9YsFwvGev1jet1z65uZUDWTKEyoM9yC1gxVkGQQ6tmrk8Cp9M150GNBLWz/3Cqu\nTxMx6O746nhMoQAAAQEA0ejwG/vT5/CzJ0/X4MenCluO9yJL3tjofM2MJ56uiTnp\nx7kWSq9oFgkzmBGgQDJVjzxTWiCFK88bcQ8nSsoa6785Uc3PPML6kk/z4mNYULAg\nRGbN8oyC8qJcI+8HKnBXnXBeMO7Q3kceHqWRzswPfPuGSw+cJXMaDF8yobJ6MIox\n0Mey37wW9RoR9WvymDTgX2B4ZsVxYEvtT56hev3C4hehJPgHvEwSPNOCiTZS1NKI\nSbeD4lCUMfa8ApEUKMjUxMpu5mLjKwZiFBuYYpU/TEzf/ER61O+JXZG+txW1u50O\nKlm0ddCL9dxZVvqRxZPDjbJSyOc3baCTvlcU9L8gNgAAAQEA5WtwjhkQu1r3fa00\nWZPYNAV5JySzPH5vgX8fDz1eI+fZq0hHitfrvXNV1vEf+1Oap5UbmOeOXCnus3gH\npynSC4xSeZDQgQBcDHBfP97CtoRly4Z4zSG9Cu/TdfcOFsnY9KnNW8LZD/Ygq7EI\noXuxQ0OlEXbL9ZkM2PLDVyuf0JtW96nQSj/3dy2vLTI7er696KNt0w+Yo7sp5C1H\nbzIuEx6cINyxjk0oqvjbQTbyNoOnNZnXRiIBnhw3PwIhdJCkG0xgnNeBhPCBs0tg\nE3mlpTeoDdxZX/U4618utQ5wcwgriO/+AWuO/GIx3a7CRYHkdMISkSjfWWb0Zg/1\nIqTHJwAAAQEA3w4eJ7fGnj/44zt+UYrd3upTF+MAMtELdyaSDLCwnTJpgvdHf24+\nBM8uh3smMszhrGe6Py6spMmTQC9xuXIQ6eQVrbbumylzKc/EE1B6tOfAqbGcH6oF\nfYuA1rLasSLvKdV+67FhT+ufw1yajuEEvtS2FuqukFD1U4juZ3DSlkGAPLfm4AA0\ndXbAIFDLjYAsrKJBSJ4bJRM61oGgG8PAeGz1MfwWQaJ0l2Gwn1dPKJApc5o5uu89\nb3x/hyghNX2gqPBq3/YWV+QqsV3LP4UkGOJS1eqA3KkpdsXPdri66d9WHssiLFlE\nrYnH90RrG2xAQ0V/7QrXBlyBw7eSZV7skQAAAAAB\n-----END OPENSSH PRIVATE KEY-----\n",
            "private_key_pem": "-----BEGIN RSA PRIVATE KEY-----\nMIIJKgIBAAKCAgEAx+U98h7bixSJ166LXIq9dZKE6LBWQpg0+/EN/zsZ3QpGoYtA\nZrpTWbtZtqkyB3+Fr2G4sPPYu0+hjKIcZm2l8lItnyIlfSg9qriD3XVVyZoKh2Qq\nHxVkKRHyeWHueQ2237rB2bVSxndQxs23C+d6ea/NqSzJZtglEeKRKz+VXSU1tX3s\nrpPobzo+901aedq+lUx4CxSHte1+JZqiHgJMhRattrztOceAI0OuUY3xO9OhRQ73\njbLcyKAgqNWqPe1rpB888vcK2fRwMfDeH1zyuWeJF98YmJgk5Yd5zJWa1/SYmBJ1\nihCKK0fW2JMLjzwV2jXyFikFo+Ncp5kXzdQxmHw3MK0os+fKeQxGo1JNC1iDjn/U\n97FybBGayvt26IxFeZomXrl1mh55/iBNHalu+VudnZWCd7CHcCfBCU3KNQqy1kMy\n8pDDnanbBzv5U5sgbv0Eu5AQCr4tSn5WFZ+eaHsOj4izB5eh1sriYP44ou6YZeYl\nU+tF8qi5r9cHfSsHnvqYBboMqJpLGAOyEIvDVYo8dChJ+cschr4pv7Tjplv/Sklf\nMYyuFP1Iny6wBx7hK8XTmpBfI77Ow/0v1dOd76pwBc6hcJVt+I/wRJLIV8urfgXB\n8rqCzvpVqbCbF1wC6zpKWXAzHtcaHY8aaW2HSPt4XpGclcvX/T42Ggo+wRcCAwEA\nAQKCAgEArB8Bguz9H7nUo0nhKBMy5fz+wpmr/PWwkcvTwJS0RXdmsA0GrC3+PUKs\nEjOIJ5qvkv9zF7MwSMFdmomwKKZ7gLcwH1k4rJcs2ka9DMDO2KPyMviVqGQz9YVF\noy0nOUcM04KtDngqSUhN3pEd73snI4a0cNpmpU6yRL8xPusmAqlaoOdIGF61gqjF\ntQ3/PPOUrVvF9cx8urM/rsOCmpJiLysC81mkbt8Qv8y0Wfb95ATrVVp44KNFpt7y\noE4yo9Y+nHhlc9QynM/0l5wOtzTCr9Ct5Ecul55SDu3je7zKMu+jQTaLzRFG19Oo\n9J1RE8mqC1XuGRTDjYXlr06Mh6gR9vRJriAboIcx+N2OKvzZUYVyoI5J8V99VNqn\nmdq3rMlbcSXh/aycDYTqI8ZEg2big5hA4hyCCZMprq9f32VcQEOcCtGxaYIaOgGj\nOmGlOQtkkhuUpVvqHL9XeGT3Gzmy8iEhHskceXpqxRXXjoOmvlA6RIV4EUZMrztb\n6eI+sWuOZqyO8ICzlBu2aIlO4UNEjxBVOAEOwt2TR4h1i5I25dLxAjAMNxnVa6Uj\nAK6DOBJakfyIhttFOAk7QI/DFh9wXLiRHcN9xZvWLBcLxnr9Y3rdc+ubmVA1kyhM\nqDPcgtYMVZBkEOrZq5PAqfTNedBjQS1s/9wqrk8TMeju+Op4TKECggEBAOVrcI4Z\nELta932tNFmT2DQFeSckszx+b4F/Hw89XiPn2atIR4rX671zVdbxH/tTmqeVG5jn\njlwp7rN4B6cp0guMUnmQ0IEAXAxwXz/ewraEZcuGeM0hvQrv03X3DhbJ2PSpzVvC\n2Q/2IKuxCKF7sUNDpRF2y/WZDNjyw1crn9CbVvep0Eo/93ctry0yO3q+veijbdMP\nmKO7KeQtR28yLhMenCDcsY5NKKr420E28jaDpzWZ10YiAZ4cNz8CIXSQpBtMYJzX\ngYTwgbNLYBN5paU3qA3cWV/1OOtfLrUOcHMIK4jv/gFrjvxiMd2uwkWB5HTCEpEo\n31lm9GYP9SKkxycCggEBAN8OHie3xp4/+OM7flGK3d7qUxfjADLRC3cmkgywsJ0y\naYL3R39uPgTPLod7JjLM4axnuj8urKTJk0AvcblyEOnkFa227pspcynPxBNQerTn\nwKmxnB+qBX2LgNay2rEi7ynVfuuxYU/rn8Ncmo7hBL7UthbqrpBQ9VOI7mdw0pZB\ngDy35uAANHV2wCBQy42ALKyiQUieGyUTOtaBoBvDwHhs9TH8FkGidJdhsJ9XTyiQ\nKXOaObrvPW98f4coITV9oKjwat/2FlfkKrFdyz+FJBjiUtXqgNypKXbFz3a4uunf\nVh7LIixZRK2Jx/dEaxtsQENFf+0K1wZcgcO3kmVe7JECggEAGiVlfXxT0NZsMFGG\nDtNvp3YcOZ7QIovST3LaalU3HmZ1AzVImgVDo6K6XLW8TFtZ29F9hK6XJd/NiXyb\neqykeJZ0a9BaQul0lCJWaKQNktmB9HEN4Wr/7XgppF8Upvo4FKIpelS5gj0tugOC\nFU1QhXb3IAdm9UWNFkiMhKm/G/ooLi+XQm8J1/ZH6aG476M/Z30ArjYv0jEpdAzJ\nAF46rAkoCAK+5ZXblaio7ETD0/yrGMvAogiMIKXckfy/LVayrT3GIPnak/kI/xMP\nDwklHLA8IeBD+1CqPQDrBM1xeVqsA34+d5D3icHzJu2czGkiTUA094At/DVkkyEs\ncddPrwKCAQEAw2e1ySu5J0d5vW+QINVbu35iXumxcdMqjS5QAigEASJ5xo7kpuEo\nGcR6yZt8AkL0bLnOMq2r9wzUIAWwRjqEULJMv4sjivCMABQQfK8jYDoq0T5UPHUR\nLEO7EdtLtKSbCnYLI2WYj5AmvNnyWLsOEjN8daUQWkNiN9UcrafsBE/LjOW6r3/e\ndQ0cEPNW71ZbTL00He7MbvVitSqH3ermQVmKkEh8IvGz3C5rsZumMC3i8nAopPgT\nRQi3G+tu9FJjHbzIk/0c49ByCkHV3YbA8b/Lu7UdQLI9Ldzq++GndVz/MCjafimR\n/clXUeoxPqvdvFE1Wa8GYn9F+vRlnsLC0QKCAQEA0ejwG/vT5/CzJ0/X4MenCluO\n9yJL3tjofM2MJ56uiTnpx7kWSq9oFgkzmBGgQDJVjzxTWiCFK88bcQ8nSsoa6785\nUc3PPML6kk/z4mNYULAgRGbN8oyC8qJcI+8HKnBXnXBeMO7Q3kceHqWRzswPfPuG\nSw+cJXMaDF8yobJ6MIox0Mey37wW9RoR9WvymDTgX2B4ZsVxYEvtT56hev3C4heh\nJPgHvEwSPNOCiTZS1NKISbeD4lCUMfa8ApEUKMjUxMpu5mLjKwZiFBuYYpU/TEzf\n/ER61O+JXZG+txW1u50OKlm0ddCL9dxZVvqRxZPDjbJSyOc3baCTvlcU9L8gNg==\n-----END RSA PRIVATE KEY-----\n",
            "private_key_pem_pkcs8": "-----BEGIN PRIVATE KEY-----\nMIIJRAIBADANBgkqhkiG9w0BAQEFAASCCS4wggkqAgEAAoICAQDH5T3yHtuLFInX\nrotcir11koTosFZCmDT78Q3/OxndCkahi0BmulNZu1m2qTIHf4WvYbiw89i7T6GM\nohxmbaXyUi2fIiV9KD2quIPddVXJmgqHZCofFWQpEfJ5Ye55DbbfusHZtVLGd1DG\nzbcL53p5r82pLMlm2CUR4pErP5VdJTW1feyuk+hvOj73TVp52r6VTHgLFIe17X4l\nmqIeAkyFFq22vO05x4AjQ65RjfE706FFDveNstzIoCCo1ao97WukHzzy9wrZ9HAx\n8N4fXPK5Z4kX3xiYmCTlh3nMlZrX9JiYEnWKEIorR9bYkwuPPBXaNfIWKQWj41yn\nmRfN1DGYfDcwrSiz58p5DEajUk0LWIOOf9T3sXJsEZrK+3bojEV5miZeuXWaHnn+\nIE0dqW75W52dlYJ3sIdwJ8EJTco1CrLWQzLykMOdqdsHO/lTmyBu/QS7kBAKvi1K\nflYVn55oew6PiLMHl6HWyuJg/jii7phl5iVT60XyqLmv1wd9Kwee+pgFugyomksY\nA7IQi8NVijx0KEn5yxyGvim/tOOmW/9KSV8xjK4U/UifLrAHHuErxdOakF8jvs7D\n/S/V053vqnAFzqFwlW34j/BEkshXy6t+BcHyuoLO+lWpsJsXXALrOkpZcDMe1xod\njxppbYdI+3hekZyVy9f9PjYaCj7BFwIDAQABAoICAQCsHwGC7P0fudSjSeEoEzLl\n/P7Cmav89bCRy9PAlLRFd2awDQasLf49QqwSM4gnmq+S/3MXszBIwV2aibAopnuA\ntzAfWTislyzaRr0MwM7Yo/Iy+JWoZDP1hUWjLSc5RwzTgq0OeCpJSE3ekR3veycj\nhrRw2malTrJEvzE+6yYCqVqg50gYXrWCqMW1Df8885StW8X1zHy6sz+uw4KakmIv\nKwLzWaRu3xC/zLRZ9v3kBOtVWnjgo0Wm3vKgTjKj1j6ceGVz1DKcz/SXnA63NMKv\n0K3kRy6XnlIO7eN7vMoy76NBNovNEUbX06j0nVETyaoLVe4ZFMONheWvToyHqBH2\n9EmuIBughzH43Y4q/NlRhXKgjknxX31U2qeZ2resyVtxJeH9rJwNhOojxkSDZuKD\nmEDiHIIJkymur1/fZVxAQ5wK0bFpgho6AaM6YaU5C2SSG5SlW+ocv1d4ZPcbObLy\nISEeyRx5emrFFdeOg6a+UDpEhXgRRkyvO1vp4j6xa45mrI7wgLOUG7ZoiU7hQ0SP\nEFU4AQ7C3ZNHiHWLkjbl0vECMAw3GdVrpSMAroM4ElqR/IiG20U4CTtAj8MWH3Bc\nuJEdw33Fm9YsFwvGev1jet1z65uZUDWTKEyoM9yC1gxVkGQQ6tmrk8Cp9M150GNB\nLWz/3CquTxMx6O746nhMoQKCAQEA5WtwjhkQu1r3fa00WZPYNAV5JySzPH5vgX8f\nDz1eI+fZq0hHitfrvXNV1vEf+1Oap5UbmOeOXCnus3gHpynSC4xSeZDQgQBcDHBf\nP97CtoRly4Z4zSG9Cu/TdfcOFsnY9KnNW8LZD/Ygq7EIoXuxQ0OlEXbL9ZkM2PLD\nVyuf0JtW96nQSj/3dy2vLTI7er696KNt0w+Yo7sp5C1HbzIuEx6cINyxjk0oqvjb\nQTbyNoOnNZnXRiIBnhw3PwIhdJCkG0xgnNeBhPCBs0tgE3mlpTeoDdxZX/U4618u\ntQ5wcwgriO/+AWuO/GIx3a7CRYHkdMISkSjfWWb0Zg/1IqTHJwKCAQEA3w4eJ7fG\nnj/44zt+UYrd3upTF+MAMtELdyaSDLCwnTJpgvdHf24+BM8uh3smMszhrGe6Py6s\npMmTQC9xuXIQ6eQVrbbumylzKc/EE1B6tOfAqbGcH6oFfYuA1rLasSLvKdV+67Fh\nT+ufw1yajuEEvtS2FuqukFD1U4juZ3DSlkGAPLfm4AA0dXbAIFDLjYAsrKJBSJ4b\nJRM61oGgG8PAeGz1MfwWQaJ0l2Gwn1dPKJApc5o5uu89b3x/hyghNX2gqPBq3/YW\nV+QqsV3LP4UkGOJS1eqA3KkpdsXPdri66d9WHssiLFlErYnH90RrG2xAQ0V/7QrX\nBlyBw7eSZV7skQKCAQAaJWV9fFPQ1mwwUYYO02+ndhw5ntAii9JPctpqVTceZnUD\nNUiaBUOjorpctbxMW1nb0X2Erpcl382JfJt6rKR4lnRr0FpC6XSUIlZopA2S2YH0\ncQ3hav/teCmkXxSm+jgUoil6VLmCPS26A4IVTVCFdvcgB2b1RY0WSIyEqb8b+igu\nL5dCbwnX9kfpobjvoz9nfQCuNi/SMSl0DMkAXjqsCSgIAr7llduVqKjsRMPT/KsY\ny8CiCIwgpdyR/L8tVrKtPcYg+dqT+Qj/Ew8PCSUcsDwh4EP7UKo9AOsEzXF5WqwD\nfj53kPeJwfMm7ZzMaSJNQDT3gC38NWSTISxx10+vAoIBAQDDZ7XJK7knR3m9b5Ag\n1Vu7fmJe6bFx0yqNLlACKAQBInnGjuSm4SgZxHrJm3wCQvRsuc4yrav3DNQgBbBG\nOoRQsky/iyOK8IwAFBB8ryNgOirRPlQ8dREsQ7sR20u0pJsKdgsjZZiPkCa82fJY\nuw4SM3x1pRBaQ2I31Rytp+wET8uM5bqvf951DRwQ81bvVltMvTQd7sxu9WK1Kofd\n6uZBWYqQSHwi8bPcLmuxm6YwLeLycCik+BNFCLcb6270UmMdvMiT/Rzj0HIKQdXd\nhsDxv8u7tR1Asj0t3Or74ad1XP8wKNp+KZH9yVdR6jE+q928UTVZrwZif0X69GWe\nwsLRAoIBAQDR6PAb+9Pn8LMnT9fgx6cKW473Ikve2Oh8zYwnnq6JOenHuRZKr2gW\nCTOYEaBAMlWPPFNaIIUrzxtxDydKyhrrvzlRzc88wvqST/PiY1hQsCBEZs3yjILy\nolwj7wcqcFedcF4w7tDeRx4epZHOzA98+4ZLD5wlcxoMXzKhsnowijHQx7LfvBb1\nGhH1a/KYNOBfYHhmxXFgS+1PnqF6/cLiF6Ek+Ae8TBI804KJNlLU0ohJt4PiUJQx\n9rwCkRQoyNTEym7mYuMrBmIUG5hilT9MTN/8RHrU74ldkb63FbW7nQ4qWbR10Iv1\n3FlW+pHFk8ONslLI5zdtoJO+VxT0vyA2\n-----END PRIVATE KEY-----\n",
            "public_key_fingerprint_md5": "91:ba:ce:cb:ac:3c:57:21:20:4e:79:bd:45:0e:54:f7",
            "public_key_fingerprint_sha256": "SHA256:H6kURMrmm9YL5S9mWOnYHK5Xlm9H9VdeCf9gXptKg7s",
            "public_key_openssh": "ssh-rsa AAAAB3NzaC1yc2EAAAADAQABAAACAQDH5T3yHtuLFInXrotcir11koTosFZCmDT78Q3/OxndCkahi0BmulNZu1m2qTIHf4WvYbiw89i7T6GMohxmbaXyUi2fIiV9KD2quIPddVXJmgqHZCofFWQpEfJ5Ye55DbbfusHZtVLGd1DGzbcL53p5r82pLMlm2CUR4pErP5VdJTW1feyuk+hvOj73TVp52r6VTHgLFIe17X4lmqIeAkyFFq22vO05x4AjQ65RjfE706FFDveNstzIoCCo1ao97WukHzzy9wrZ9HAx8N4fXPK5Z4kX3xiYmCTlh3nMlZrX9JiYEnWKEIorR9bYkwuPPBXaNfIWKQWj41ynmRfN1DGYfDcwrSiz58p5DEajUk0LWIOOf9T3sXJsEZrK+3bojEV5miZeuXWaHnn+IE0dqW75W52dlYJ3sIdwJ8EJTco1CrLWQzLykMOdqdsHO/lTmyBu/QS7kBAKvi1KflYVn55oew6PiLMHl6HWyuJg/jii7phl5iVT60XyqLmv1wd9Kwee+pgFugyomksYA7IQi8NVijx0KEn5yxyGvim/tOOmW/9KSV8xjK4U/UifLrAHHuErxdOakF8jvs7D/S/V053vqnAFzqFwlW34j/BEkshXy6t+BcHyuoLO+lWpsJsXXALrOkpZcDMe1xodjxppbYdI+3hekZyVy9f9PjYaCj7BFw==\n",
            "public_key_pem": "-----BEGIN PUBLIC KEY-----\nMIICIjANBgkqhkiG9w0BAQEFAAOCAg8AMIICCgKCAgEAx+U98h7bixSJ166LXIq9\ndZKE6LBWQpg0+/EN/zsZ3QpGoYtAZrpTWbtZtqkyB3+Fr2G4sPPYu0+hjKIcZm2l\n8lItnyIlfSg9qriD3XVVyZoKh2QqHxVkKRHyeWHueQ2237rB2bVSxndQxs23C+d6\nea/NqSzJZtglEeKRKz+VXSU1tX3srpPobzo+901aedq+lUx4CxSHte1+JZqiHgJM\nhRattrztOceAI0OuUY3xO9OhRQ73jbLcyKAgqNWqPe1rpB888vcK2fRwMfDeH1zy\nuWeJF98YmJgk5Yd5zJWa1/SYmBJ1ihCKK0fW2JMLjzwV2jXyFikFo+Ncp5kXzdQx\nmHw3MK0os+fKeQxGo1JNC1iDjn/U97FybBGayvt26IxFeZomXrl1mh55/iBNHalu\n+VudnZWCd7CHcCfBCU3KNQqy1kMy8pDDnanbBzv5U5sgbv0Eu5AQCr4tSn5WFZ+e\naHsOj4izB5eh1sriYP44ou6YZeYlU+tF8qi5r9cHfSsHnvqYBboMqJpLGAOyEIvD\nVYo8dChJ+cschr4pv7Tjplv/SklfMYyuFP1Iny6wBx7hK8XTmpBfI77Ow/0v1dOd\n76pwBc6hcJVt+I/wRJLIV8urfgXB8rqCzvpVqbCbF1wC6zpKWXAzHtcaHY8aaW2H\nSPt4XpGclcvX/T42Ggo+wRcCAwEAAQ==\n-----END PUBLIC KEY-----\n",
            "rsa_bits": 4096
          },
          "sensitive_attributes": []
        }
      ]
    }
  ],
  "check_results": null
}
